// !$*UTF8*$!
{
	archiveVersion = 1;
	classes = {
	};
	objectVersion = 55;
	objects = {

/* Begin PBXBuildFile section */
		BD1F9EA42887310E008BA1D0 /* AppDelegate.swift in Sources */ = {isa = PBXBuildFile; fileRef = BD1F9EA32887310E008BA1D0 /* AppDelegate.swift */; };
		BD1F9EA62887310E008BA1D0 /* SceneDelegate.swift in Sources */ = {isa = PBXBuildFile; fileRef = BD1F9EA52887310E008BA1D0 /* SceneDelegate.swift */; };
		BD1F9EA82887310E008BA1D0 /* ViewController.swift in Sources */ = {isa = PBXBuildFile; fileRef = BD1F9EA72887310E008BA1D0 /* ViewController.swift */; };
		BD1F9EAB2887310E008BA1D0 /* Main.storyboard in Resources */ = {isa = PBXBuildFile; fileRef = BD1F9EA92887310E008BA1D0 /* Main.storyboard */; };
		BD1F9EAE2887310E008BA1D0 /* app.xcdatamodeld in Sources */ = {isa = PBXBuildFile; fileRef = BD1F9EAC2887310E008BA1D0 /* app.xcdatamodeld */; };
		BD1F9EB028873111008BA1D0 /* Assets.xcassets in Resources */ = {isa = PBXBuildFile; fileRef = BD1F9EAF28873111008BA1D0 /* Assets.xcassets */; };
		BD1F9EB328873111008BA1D0 /* LaunchScreen.storyboard in Resources */ = {isa = PBXBuildFile; fileRef = BD1F9EB128873111008BA1D0 /* LaunchScreen.storyboard */; };
		BD1F9EBE28873111008BA1D0 /* appTests.swift in Sources */ = {isa = PBXBuildFile; fileRef = BD1F9EBD28873111008BA1D0 /* appTests.swift */; };
		BD1F9EC828873111008BA1D0 /* appUITests.swift in Sources */ = {isa = PBXBuildFile; fileRef = BD1F9EC728873111008BA1D0 /* appUITests.swift */; };
		BD1F9ECA28873111008BA1D0 /* appUITestsLaunchTests.swift in Sources */ = {isa = PBXBuildFile; fileRef = BD1F9EC928873111008BA1D0 /* appUITestsLaunchTests.swift */; };
/* End PBXBuildFile section */

/* Begin PBXContainerItemProxy section */
		BD1F9EBA28873111008BA1D0 /* PBXContainerItemProxy */ = {
			isa = PBXContainerItemProxy;
			containerPortal = BD1F9E982887310E008BA1D0 /* Project object */;
			proxyType = 1;
			remoteGlobalIDString = BD1F9E9F2887310E008BA1D0;
			remoteInfo = app;
		};
		BD1F9EC428873111008BA1D0 /* PBXContainerItemProxy */ = {
			isa = PBXContainerItemProxy;
			containerPortal = BD1F9E982887310E008BA1D0 /* Project object */;
			proxyType = 1;
			remoteGlobalIDString = BD1F9E9F2887310E008BA1D0;
			remoteInfo = app;
		};
/* End PBXContainerItemProxy section */

/* Begin PBXFileReference section */
		BD1F9EA02887310E008BA1D0 /* app.app */ = {isa = PBXFileReference; explicitFileType = wrapper.application; includeInIndex = 0; path = app.app; sourceTree = BUILT_PRODUCTS_DIR; };
		BD1F9EA32887310E008BA1D0 /* AppDelegate.swift */ = {isa = PBXFileReference; lastKnownFileType = sourcecode.swift; path = AppDelegate.swift; sourceTree = "<group>"; };
		BD1F9EA52887310E008BA1D0 /* SceneDelegate.swift */ = {isa = PBXFileReference; lastKnownFileType = sourcecode.swift; path = SceneDelegate.swift; sourceTree = "<group>"; };
		BD1F9EA72887310E008BA1D0 /* ViewController.swift */ = {isa = PBXFileReference; lastKnownFileType = sourcecode.swift; path = ViewController.swift; sourceTree = "<group>"; };
		BD1F9EAA2887310E008BA1D0 /* Base */ = {isa = PBXFileReference; lastKnownFileType = file.storyboard; name = Base; path = Base.lproj/Main.storyboard; sourceTree = "<group>"; };
		BD1F9EAD2887310E008BA1D0 /* app.xcdatamodel */ = {isa = PBXFileReference; lastKnownFileType = wrapper.xcdatamodel; path = app.xcdatamodel; sourceTree = "<group>"; };
		BD1F9EAF28873111008BA1D0 /* Assets.xcassets */ = {isa = PBXFileReference; lastKnownFileType = folder.assetcatalog; path = Assets.xcassets; sourceTree = "<group>"; };
		BD1F9EB228873111008BA1D0 /* Base */ = {isa = PBXFileReference; lastKnownFileType = file.storyboard; name = Base; path = Base.lproj/LaunchScreen.storyboard; sourceTree = "<group>"; };
		BD1F9EB428873111008BA1D0 /* Info.plist */ = {isa = PBXFileReference; lastKnownFileType = text.plist.xml; path = Info.plist; sourceTree = "<group>"; };
		BD1F9EB928873111008BA1D0 /* appTests.xctest */ = {isa = PBXFileReference; explicitFileType = wrapper.cfbundle; includeInIndex = 0; path = appTests.xctest; sourceTree = BUILT_PRODUCTS_DIR; };
		BD1F9EBD28873111008BA1D0 /* appTests.swift */ = {isa = PBXFileReference; lastKnownFileType = sourcecode.swift; path = appTests.swift; sourceTree = "<group>"; };
		BD1F9EC328873111008BA1D0 /* appUITests.xctest */ = {isa = PBXFileReference; explicitFileType = wrapper.cfbundle; includeInIndex = 0; path = appUITests.xctest; sourceTree = BUILT_PRODUCTS_DIR; };
		BD1F9EC728873111008BA1D0 /* appUITests.swift */ = {isa = PBXFileReference; lastKnownFileType = sourcecode.swift; path = appUITests.swift; sourceTree = "<group>"; };
		BD1F9EC928873111008BA1D0 /* appUITestsLaunchTests.swift */ = {isa = PBXFileReference; lastKnownFileType = sourcecode.swift; path = appUITestsLaunchTests.swift; sourceTree = "<group>"; };
/* End PBXFileReference section */

/* Begin PBXFrameworksBuildPhase section */
		BD1F9E9D2887310E008BA1D0 /* Frameworks */ = {
			isa = PBXFrameworksBuildPhase;
			buildActionMask = 2147483647;
			files = (
			);
			runOnlyForDeploymentPostprocessing = 0;
		};
		BD1F9EB628873111008BA1D0 /* Frameworks */ = {
			isa = PBXFrameworksBuildPhase;
			buildActionMask = 2147483647;
			files = (
			);
			runOnlyForDeploymentPostprocessing = 0;
		};
		BD1F9EC028873111008BA1D0 /* Frameworks */ = {
			isa = PBXFrameworksBuildPhase;
			buildActionMask = 2147483647;
			files = (
			);
			runOnlyForDeploymentPostprocessing = 0;
		};
/* End PBXFrameworksBuildPhase section */

/* Begin PBXGroup section */
		BD1F9E972887310E008BA1D0 = {
			isa = PBXGroup;
			children = (
				BD1F9EA22887310E008BA1D0 /* app */,
				BD1F9EBC28873111008BA1D0 /* appTests */,
				BD1F9EC628873111008BA1D0 /* appUITests */,
				BD1F9EA12887310E008BA1D0 /* Products */,
			);
			sourceTree = "<group>";
		};
		BD1F9EA12887310E008BA1D0 /* Products */ = {
			isa = PBXGroup;
			children = (
				BD1F9EA02887310E008BA1D0 /* app.app */,
				BD1F9EB928873111008BA1D0 /* appTests.xctest */,
				BD1F9EC328873111008BA1D0 /* appUITests.xctest */,
			);
			name = Products;
			sourceTree = "<group>";
		};
		BD1F9EA22887310E008BA1D0 /* app */ = {
			isa = PBXGroup;
			children = (
				BD1F9EA32887310E008BA1D0 /* AppDelegate.swift */,
				BD1F9EA52887310E008BA1D0 /* SceneDelegate.swift */,
				BD1F9EA72887310E008BA1D0 /* ViewController.swift */,
				BD1F9EA92887310E008BA1D0 /* Main.storyboard */,
				BD1F9EAF28873111008BA1D0 /* Assets.xcassets */,
				BD1F9EB128873111008BA1D0 /* LaunchScreen.storyboard */,
				BD1F9EB428873111008BA1D0 /* Info.plist */,
				BD1F9EAC2887310E008BA1D0 /* app.xcdatamodeld */,
			);
			path = app;
			sourceTree = "<group>";
		};
		BD1F9EBC28873111008BA1D0 /* appTests */ = {
			isa = PBXGroup;
			children = (
				BD1F9EBD28873111008BA1D0 /* appTests.swift */,
			);
			path = appTests;
			sourceTree = "<group>";
		};
		BD1F9EC628873111008BA1D0 /* appUITests */ = {
			isa = PBXGroup;
			children = (
				BD1F9EC728873111008BA1D0 /* appUITests.swift */,
				BD1F9EC928873111008BA1D0 /* appUITestsLaunchTests.swift */,
			);
			path = appUITests;
			sourceTree = "<group>";
		};
/* End PBXGroup section */

/* Begin PBXNativeTarget section */
		BD1F9E9F2887310E008BA1D0 /* app */ = {
			isa = PBXNativeTarget;
			buildConfigurationList = BD1F9ECD28873111008BA1D0 /* Build configuration list for PBXNativeTarget "app" */;
			buildPhases = (
				BD1F9E9C2887310E008BA1D0 /* Sources */,
				BD1F9E9D2887310E008BA1D0 /* Frameworks */,
				BD1F9E9E2887310E008BA1D0 /* Resources */,
			);
			buildRules = (
			);
			dependencies = (
			);
			name = app;
			productName = app;
			productReference = BD1F9EA02887310E008BA1D0 /* app.app */;
			productType = "com.apple.product-type.application";
		};
		BD1F9EB828873111008BA1D0 /* appTests */ = {
			isa = PBXNativeTarget;
			buildConfigurationList = BD1F9ED028873111008BA1D0 /* Build configuration list for PBXNativeTarget "appTests" */;
			buildPhases = (
				BD1F9EB528873111008BA1D0 /* Sources */,
				BD1F9EB628873111008BA1D0 /* Frameworks */,
				BD1F9EB728873111008BA1D0 /* Resources */,
			);
			buildRules = (
			);
			dependencies = (
				BD1F9EBB28873111008BA1D0 /* PBXTargetDependency */,
			);
			name = appTests;
			productName = appTests;
			productReference = BD1F9EB928873111008BA1D0 /* appTests.xctest */;
			productType = "com.apple.product-type.bundle.unit-test";
		};
		BD1F9EC228873111008BA1D0 /* appUITests */ = {
			isa = PBXNativeTarget;
			buildConfigurationList = BD1F9ED328873111008BA1D0 /* Build configuration list for PBXNativeTarget "appUITests" */;
			buildPhases = (
				BD1F9EBF28873111008BA1D0 /* Sources */,
				BD1F9EC028873111008BA1D0 /* Frameworks */,
				BD1F9EC128873111008BA1D0 /* Resources */,
			);
			buildRules = (
			);
			dependencies = (
				BD1F9EC528873111008BA1D0 /* PBXTargetDependency */,
			);
			name = appUITests;
			productName = appUITests;
			productReference = BD1F9EC328873111008BA1D0 /* appUITests.xctest */;
			productType = "com.apple.product-type.bundle.ui-testing";
		};
/* End PBXNativeTarget section */

/* Begin PBXProject section */
		BD1F9E982887310E008BA1D0 /* Project object */ = {
			isa = PBXProject;
			attributes = {
				BuildIndependentTargetsInParallel = 1;
				LastSwiftUpdateCheck = 1330;
				LastUpgradeCheck = 1330;
				TargetAttributes = {
					BD1F9E9F2887310E008BA1D0 = {
						CreatedOnToolsVersion = 13.3;
					};
					BD1F9EB828873111008BA1D0 = {
						CreatedOnToolsVersion = 13.3;
						TestTargetID = BD1F9E9F2887310E008BA1D0;
					};
					BD1F9EC228873111008BA1D0 = {
						CreatedOnToolsVersion = 13.3;
						TestTargetID = BD1F9E9F2887310E008BA1D0;
					};
				};
			};
			buildConfigurationList = BD1F9E9B2887310E008BA1D0 /* Build configuration list for PBXProject "app" */;
			compatibilityVersion = "Xcode 13.0";
			developmentRegion = en;
			hasScannedForEncodings = 0;
			knownRegions = (
				en,
				Base,
			);
			mainGroup = BD1F9E972887310E008BA1D0;
			productRefGroup = BD1F9EA12887310E008BA1D0 /* Products */;
			projectDirPath = "";
			projectRoot = "";
			targets = (
				BD1F9E9F2887310E008BA1D0 /* app */,
				BD1F9EB828873111008BA1D0 /* appTests */,
				BD1F9EC228873111008BA1D0 /* appUITests */,
			);
		};
/* End PBXProject section */

/* Begin PBXResourcesBuildPhase section */
		BD1F9E9E2887310E008BA1D0 /* Resources */ = {
			isa = PBXResourcesBuildPhase;
			buildActionMask = 2147483647;
			files = (
				BD1F9EB328873111008BA1D0 /* LaunchScreen.storyboard in Resources */,
				BD1F9EB028873111008BA1D0 /* Assets.xcassets in Resources */,
				BD1F9EAB2887310E008BA1D0 /* Main.storyboard in Resources */,
			);
			runOnlyForDeploymentPostprocessing = 0;
		};
		BD1F9EB728873111008BA1D0 /* Resources */ = {
			isa = PBXResourcesBuildPhase;
			buildActionMask = 2147483647;
			files = (
			);
			runOnlyForDeploymentPostprocessing = 0;
		};
		BD1F9EC128873111008BA1D0 /* Resources */ = {
			isa = PBXResourcesBuildPhase;
			buildActionMask = 2147483647;
			files = (
			);
			runOnlyForDeploymentPostprocessing = 0;
		};
/* End PBXResourcesBuildPhase section */

/* Begin PBXSourcesBuildPhase section */
		BD1F9E9C2887310E008BA1D0 /* Sources */ = {
			isa = PBXSourcesBuildPhase;
			buildActionMask = 2147483647;
			files = (
				BD1F9EA82887310E008BA1D0 /* ViewController.swift in Sources */,
				BD1F9EAE2887310E008BA1D0 /* app.xcdatamodeld in Sources */,
				BD1F9EA42887310E008BA1D0 /* AppDelegate.swift in Sources */,
				BD1F9EA62887310E008BA1D0 /* SceneDelegate.swift in Sources */,
			);
			runOnlyForDeploymentPostprocessing = 0;
		};
		BD1F9EB528873111008BA1D0 /* Sources */ = {
			isa = PBXSourcesBuildPhase;
			buildActionMask = 2147483647;
			files = (
				BD1F9EBE28873111008BA1D0 /* appTests.swift in Sources */,
			);
			runOnlyForDeploymentPostprocessing = 0;
		};
		BD1F9EBF28873111008BA1D0 /* Sources */ = {
			isa = PBXSourcesBuildPhase;
			buildActionMask = 2147483647;
			files = (
				BD1F9ECA28873111008BA1D0 /* appUITestsLaunchTests.swift in Sources */,
				BD1F9EC828873111008BA1D0 /* appUITests.swift in Sources */,
			);
			runOnlyForDeploymentPostprocessing = 0;
		};
/* End PBXSourcesBuildPhase section */

/* Begin PBXTargetDependency section */
		BD1F9EBB28873111008BA1D0 /* PBXTargetDependency */ = {
			isa = PBXTargetDependency;
			target = BD1F9E9F2887310E008BA1D0 /* app */;
			targetProxy = BD1F9EBA28873111008BA1D0 /* PBXContainerItemProxy */;
		};
		BD1F9EC528873111008BA1D0 /* PBXTargetDependency */ = {
			isa = PBXTargetDependency;
			target = BD1F9E9F2887310E008BA1D0 /* app */;
			targetProxy = BD1F9EC428873111008BA1D0 /* PBXContainerItemProxy */;
		};
/* End PBXTargetDependency section */

/* Begin PBXVariantGroup section */
		BD1F9EA92887310E008BA1D0 /* Main.storyboard */ = {
			isa = PBXVariantGroup;
			children = (
				BD1F9EAA2887310E008BA1D0 /* Base */,
			);
			name = Main.storyboard;
			sourceTree = "<group>";
		};
		BD1F9EB128873111008BA1D0 /* LaunchScreen.storyboard */ = {
			isa = PBXVariantGroup;
			children = (
				BD1F9EB228873111008BA1D0 /* Base */,
			);
			name = LaunchScreen.storyboard;
			sourceTree = "<group>";
		};
/* End PBXVariantGroup section */

/* Begin XCBuildConfiguration section */
		BD1F9ECB28873111008BA1D0 /* Debug */ = {
			isa = XCBuildConfiguration;
			buildSettings = {
				ALWAYS_SEARCH_USER_PATHS = NO;
				CLANG_ANALYZER_NONNULL = YES;
				CLANG_ANALYZER_NUMBER_OBJECT_CONVERSION = YES_AGGRESSIVE;
				CLANG_CXX_LANGUAGE_STANDARD = "gnu++17";
				CLANG_ENABLE_MODULES = YES;
				CLANG_ENABLE_OBJC_ARC = YES;
				CLANG_ENABLE_OBJC_WEAK = YES;
				CLANG_WARN_BLOCK_CAPTURE_AUTORELEASING = YES;
				CLANG_WARN_BOOL_CONVERSION = YES;
				CLANG_WARN_COMMA = YES;
				CLANG_WARN_CONSTANT_CONVERSION = YES;
				CLANG_WARN_DEPRECATED_OBJC_IMPLEMENTATIONS = YES;
				CLANG_WARN_DIRECT_OBJC_ISA_USAGE = YES_ERROR;
				CLANG_WARN_DOCUMENTATION_COMMENTS = YES;
				CLANG_WARN_EMPTY_BODY = YES;
				CLANG_WARN_ENUM_CONVERSION = YES;
				CLANG_WARN_INFINITE_RECURSION = YES;
				CLANG_WARN_INT_CONVERSION = YES;
				CLANG_WARN_NON_LITERAL_NULL_CONVERSION = YES;
				CLANG_WARN_OBJC_IMPLICIT_RETAIN_SELF = YES;
				CLANG_WARN_OBJC_LITERAL_CONVERSION = YES;
				CLANG_WARN_OBJC_ROOT_CLASS = YES_ERROR;
				CLANG_WARN_QUOTED_INCLUDE_IN_FRAMEWORK_HEADER = YES;
				CLANG_WARN_RANGE_LOOP_ANALYSIS = YES;
				CLANG_WARN_STRICT_PROTOTYPES = YES;
				CLANG_WARN_SUSPICIOUS_MOVE = YES;
				CLANG_WARN_UNGUARDED_AVAILABILITY = YES_AGGRESSIVE;
				CLANG_WARN_UNREACHABLE_CODE = YES;
				CLANG_WARN__DUPLICATE_METHOD_MATCH = YES;
				COPY_PHASE_STRIP = NO;
				DEBUG_INFORMATION_FORMAT = dwarf;
				ENABLE_STRICT_OBJC_MSGSEND = YES;
				ENABLE_TESTABILITY = YES;
				GCC_C_LANGUAGE_STANDARD = gnu11;
				GCC_DYNAMIC_NO_PIC = NO;
				GCC_NO_COMMON_BLOCKS = YES;
				GCC_OPTIMIZATION_LEVEL = 0;
				GCC_PREPROCESSOR_DEFINITIONS = (
					"DEBUG=1",
					"$(inherited)",
				);
				GCC_WARN_64_TO_32_BIT_CONVERSION = YES;
				GCC_WARN_ABOUT_RETURN_TYPE = YES_ERROR;
				GCC_WARN_UNDECLARED_SELECTOR = YES;
				GCC_WARN_UNINITIALIZED_AUTOS = YES_AGGRESSIVE;
				GCC_WARN_UNUSED_FUNCTION = YES;
				GCC_WARN_UNUSED_VARIABLE = YES;
				IPHONEOS_DEPLOYMENT_TARGET = 15.4;
				MTL_ENABLE_DEBUG_INFO = INCLUDE_SOURCE;
				MTL_FAST_MATH = YES;
				ONLY_ACTIVE_ARCH = YES;
				SDKROOT = iphoneos;
				SWIFT_ACTIVE_COMPILATION_CONDITIONS = DEBUG;
				SWIFT_OPTIMIZATION_LEVEL = "-Onone";
			};
			name = Debug;
		};
		BD1F9ECC28873111008BA1D0 /* Release */ = {
			isa = XCBuildConfiguration;
			buildSettings = {
				ALWAYS_SEARCH_USER_PATHS = NO;
				CLANG_ANALYZER_NONNULL = YES;
				CLANG_ANALYZER_NUMBER_OBJECT_CONVERSION = YES_AGGRESSIVE;
				CLANG_CXX_LANGUAGE_STANDARD = "gnu++17";
				CLANG_ENABLE_MODULES = YES;
				CLANG_ENABLE_OBJC_ARC = YES;
				CLANG_ENABLE_OBJC_WEAK = YES;
				CLANG_WARN_BLOCK_CAPTURE_AUTORELEASING = YES;
				CLANG_WARN_BOOL_CONVERSION = YES;
				CLANG_WARN_COMMA = YES;
				CLANG_WARN_CONSTANT_CONVERSION = YES;
				CLANG_WARN_DEPRECATED_OBJC_IMPLEMENTATIONS = YES;
				CLANG_WARN_DIRECT_OBJC_ISA_USAGE = YES_ERROR;
				CLANG_WARN_DOCUMENTATION_COMMENTS = YES;
				CLANG_WARN_EMPTY_BODY = YES;
				CLANG_WARN_ENUM_CONVERSION = YES;
				CLANG_WARN_INFINITE_RECURSION = YES;
				CLANG_WARN_INT_CONVERSION = YES;
				CLANG_WARN_NON_LITERAL_NULL_CONVERSION = YES;
				CLANG_WARN_OBJC_IMPLICIT_RETAIN_SELF = YES;
				CLANG_WARN_OBJC_LITERAL_CONVERSION = YES;
				CLANG_WARN_OBJC_ROOT_CLASS = YES_ERROR;
				CLANG_WARN_QUOTED_INCLUDE_IN_FRAMEWORK_HEADER = YES;
				CLANG_WARN_RANGE_LOOP_ANALYSIS = YES;
				CLANG_WARN_STRICT_PROTOTYPES = YES;
				CLANG_WARN_SUSPICIOUS_MOVE = YES;
				CLANG_WARN_UNGUARDED_AVAILABILITY = YES_AGGRESSIVE;
				CLANG_WARN_UNREACHABLE_CODE = YES;
				CLANG_WARN__DUPLICATE_METHOD_MATCH = YES;
				COPY_PHASE_STRIP = NO;
				DEBUG_INFORMATION_FORMAT = "dwarf-with-dsym";
				ENABLE_NS_ASSERTIONS = NO;
				ENABLE_STRICT_OBJC_MSGSEND = YES;
				GCC_C_LANGUAGE_STANDARD = gnu11;
				GCC_NO_COMMON_BLOCKS = YES;
				GCC_WARN_64_TO_32_BIT_CONVERSION = YES;
				GCC_WARN_ABOUT_RETURN_TYPE = YES_ERROR;
				GCC_WARN_UNDECLARED_SELECTOR = YES;
				GCC_WARN_UNINITIALIZED_AUTOS = YES_AGGRESSIVE;
				GCC_WARN_UNUSED_FUNCTION = YES;
				GCC_WARN_UNUSED_VARIABLE = YES;
				IPHONEOS_DEPLOYMENT_TARGET = 15.4;
				MTL_ENABLE_DEBUG_INFO = NO;
				MTL_FAST_MATH = YES;
				SDKROOT = iphoneos;
				SWIFT_COMPILATION_MODE = wholemodule;
				SWIFT_OPTIMIZATION_LEVEL = "-O";
				VALIDATE_PRODUCT = YES;
			};
			name = Release;
		};
		BD1F9ECE28873111008BA1D0 /* Debug */ = {
			isa = XCBuildConfiguration;
			buildSettings = {
				ASSETCATALOG_COMPILER_APPICON_NAME = AppIcon;
				ASSETCATALOG_COMPILER_GLOBAL_ACCENT_COLOR_NAME = AccentColor;
				CODE_SIGN_STYLE = Automatic;
				CURRENT_PROJECT_VERSION = 1;
				DEVELOPMENT_TEAM = J6FCV5TVPZ;
				GENERATE_INFOPLIST_FILE = YES;
				INFOPLIST_FILE = app/Info.plist;
				INFOPLIST_KEY_UIApplicationSupportsIndirectInputEvents = YES;
				INFOPLIST_KEY_UILaunchStoryboardName = LaunchScreen;
				INFOPLIST_KEY_UIMainStoryboardFile = Main;
				INFOPLIST_KEY_UISupportedInterfaceOrientations_iPad = "UIInterfaceOrientationPortrait UIInterfaceOrientationPortraitUpsideDown UIInterfaceOrientationLandscapeLeft UIInterfaceOrientationLandscapeRight";
				INFOPLIST_KEY_UISupportedInterfaceOrientations_iPhone = "UIInterfaceOrientationPortrait UIInterfaceOrientationLandscapeLeft UIInterfaceOrientationLandscapeRight";
				LD_RUNPATH_SEARCH_PATHS = (
					"$(inherited)",
					"@executable_path/Frameworks",
				);
				MARKETING_VERSION = 1.0;
				PRODUCT_BUNDLE_IDENTIFIER = KWK3.3.app;
				PRODUCT_NAME = "$(TARGET_NAME)";
				SWIFT_EMIT_LOC_STRINGS = YES;
				SWIFT_VERSION = 5.0;
				TARGETED_DEVICE_FAMILY = "1,2";
			};
			name = Debug;
		};
		BD1F9ECF28873111008BA1D0 /* Release */ = {
			isa = XCBuildConfiguration;
			buildSettings = {
				ASSETCATALOG_COMPILER_APPICON_NAME = AppIcon;
				ASSETCATALOG_COMPILER_GLOBAL_ACCENT_COLOR_NAME = AccentColor;
				CODE_SIGN_STYLE = Automatic;
				CURRENT_PROJECT_VERSION = 1;
				DEVELOPMENT_TEAM = J6FCV5TVPZ;
				GENERATE_INFOPLIST_FILE = YES;
				INFOPLIST_FILE = app/Info.plist;
				INFOPLIST_KEY_UIApplicationSupportsIndirectInputEvents = YES;
				INFOPLIST_KEY_UILaunchStoryboardName = LaunchScreen;
				INFOPLIST_KEY_UIMainStoryboardFile = Main;
				INFOPLIST_KEY_UISupportedInterfaceOrientations_iPad = "UIInterfaceOrientationPortrait UIInterfaceOrientationPortraitUpsideDown UIInterfaceOrientationLandscapeLeft UIInterfaceOrientationLandscapeRight";
				INFOPLIST_KEY_UISupportedInterfaceOrientations_iPhone = "UIInterfaceOrientationPortrait UIInterfaceOrientationLandscapeLeft UIInterfaceOrientationLandscapeRight";
				LD_RUNPATH_SEARCH_PATHS = (
					"$(inherited)",
					"@executable_path/Frameworks",
				);
				MARKETING_VERSION = 1.0;
				PRODUCT_BUNDLE_IDENTIFIER = KWK3.3.app;
				PRODUCT_NAME = "$(TARGET_NAME)";
				SWIFT_EMIT_LOC_STRINGS = YES;
				SWIFT_VERSION = 5.0;
				TARGETED_DEVICE_FAMILY = "1,2";
			};
			name = Release;
		};
		BD1F9ED128873111008BA1D0 /* Debug */ = {
			isa = XCBuildConfiguration;
			buildSettings = {
				ALWAYS_EMBED_SWIFT_STANDARD_LIBRARIES = YES;
				BUNDLE_LOADER = "$(TEST_HOST)";
				CODE_SIGN_STYLE = Automatic;
				CURRENT_PROJECT_VERSION = 1;
				DEVELOPMENT_TEAM = J6FCV5TVPZ;
				GENERATE_INFOPLIST_FILE = YES;
				IPHONEOS_DEPLOYMENT_TARGET = 15.4;
				MARKETING_VERSION = 1.0;
				PRODUCT_BUNDLE_IDENTIFIER = KWK3.3.appTests;
				PRODUCT_NAME = "$(TARGET_NAME)";
				SWIFT_EMIT_LOC_STRINGS = NO;
				SWIFT_VERSION = 5.0;
				TARGETED_DEVICE_FAMILY = "1,2";
				TEST_HOST = "$(BUILT_PRODUCTS_DIR)/app.app/app";
			};
			name = Debug;
		};
		BD1F9ED228873111008BA1D0 /* Release */ = {
			isa = XCBuildConfiguration;
			buildSettings = {
				ALWAYS_EMBED_SWIFT_STANDARD_LIBRARIES = YES;
				BUNDLE_LOADER = "$(TEST_HOST)";
				CODE_SIGN_STYLE = Automatic;
				CURRENT_PROJECT_VERSION = 1;
				DEVELOPMENT_TEAM = J6FCV5TVPZ;
				GENERATE_INFOPLIST_FILE = YES;
				IPHONEOS_DEPLOYMENT_TARGET = 15.4;
				MARKETING_VERSION = 1.0;
				PRODUCT_BUNDLE_IDENTIFIER = KWK3.3.appTests;
				PRODUCT_NAME = "$(TARGET_NAME)";
				SWIFT_EMIT_LOC_STRINGS = NO;
				SWIFT_VERSION = 5.0;
				TARGETED_DEVICE_FAMILY = "1,2";
				TEST_HOST = "$(BUILT_PRODUCTS_DIR)/app.app/app";
			};
			name = Release;
		};
		BD1F9ED428873111008BA1D0 /* Debug */ = {
			isa = XCBuildConfiguration;
			buildSettings = {
				ALWAYS_EMBED_SWIFT_STANDARD_LIBRARIES = YES;
				CODE_SIGN_STYLE = Automatic;
				CURRENT_PROJECT_VERSION = 1;
				DEVELOPMENT_TEAM = J6FCV5TVPZ;
				GENERATE_INFOPLIST_FILE = YES;
				MARKETING_VERSION = 1.0;
				PRODUCT_BUNDLE_IDENTIFIER = KWK3.3.appUITests;
				PRODUCT_NAME = "$(TARGET_NAME)";
				SWIFT_EMIT_LOC_STRINGS = NO;
				SWIFT_VERSION = 5.0;
				TARGETED_DEVICE_FAMILY = "1,2";
				TEST_TARGET_NAME = app;
			};
			name = Debug;
		};
		BD1F9ED528873111008BA1D0 /* Release */ = {
			isa = XCBuildConfiguration;
			buildSettings = {
				ALWAYS_EMBED_SWIFT_STANDARD_LIBRARIES = YES;
				CODE_SIGN_STYLE = Automatic;
				CURRENT_PROJECT_VERSION = 1;
				DEVELOPMENT_TEAM = J6FCV5TVPZ;
				GENERATE_INFOPLIST_FILE = YES;
				MARKETING_VERSION = 1.0;
				PRODUCT_BUNDLE_IDENTIFIER = KWK3.3.appUITests;
				PRODUCT_NAME = "$(TARGET_NAME)";
				SWIFT_EMIT_LOC_STRINGS = NO;
				SWIFT_VERSION = 5.0;
				TARGETED_DEVICE_FAMILY = "1,2";
				TEST_TARGET_NAME = app;
			};
			name = Release;
		};
/* End XCBuildConfiguration section */

/* Begin XCConfigurationList section */
		BD1F9E9B2887310E008BA1D0 /* Build configuration list for PBXProject "app" */ = {
			isa = XCConfigurationList;
			buildConfigurations = (
				BD1F9ECB28873111008BA1D0 /* Debug */,
				BD1F9ECC28873111008BA1D0 /* Release */,
			);
			defaultConfigurationIsVisible = 0;
			defaultConfigurationName = Release;
		};
		BD1F9ECD28873111008BA1D0 /* Build configuration list for PBXNativeTarget "app" */ = {
			isa = XCConfigurationList;
			buildConfigurations = (
				BD1F9ECE28873111008BA1D0 /* Debug */,
				BD1F9ECF28873111008BA1D0 /* Release */,
			);
			defaultConfigurationIsVisible = 0;
			defaultConfigurationName = Release;
		};
		BD1F9ED028873111008BA1D0 /* Build configuration list for PBXNativeTarget "appTests" */ = {
			isa = XCConfigurationList;
			buildConfigurations = (
				BD1F9ED128873111008BA1D0 /* Debug */,
				BD1F9ED228873111008BA1D0 /* Release */,
			);
			defaultConfigurationIsVisible = 0;
			defaultConfigurationName = Release;
		};
		BD1F9ED328873111008BA1D0 /* Build configuration list for PBXNativeTarget "appUITests" */ = {
			isa = XCConfigurationList;
			buildConfigurations = (
				BD1F9ED428873111008BA1D0 /* Debug */,
				BD1F9ED528873111008BA1D0 /* Release */,
			);
			defaultConfigurationIsVisible = 0;
			defaultConfigurationName = Release;
		};
/* End XCConfigurationList section */

/* Begin XCVersionGroup section */
		BD1F9EAC2887310E008BA1D0 /* app.xcdatamodeld */ = {
			isa = XCVersionGroup;
			children = (
				BD1F9EAD2887310E008BA1D0 /* app.xcdatamodel */,
			);
			currentVersion = BD1F9EAD2887310E008BA1D0 /* app.xcdatamodel */;
			path = app.xcdatamodeld;
			sourceTree = "<group>";
			versionGroupType = wrapper.xcdatamodel;
		};
/* End XCVersionGroup section */
	};
	rootObject = BD1F9E982887310E008BA1D0 /* Project object */;
}
